
Microsoft Visual Studio Solution File, Format Version 12.00
# Visual Studio Version 16
VisualStudioVersion = 16.0.30011.22
MinimumVisualStudioVersion = 10.0.40219.1
Project("{FAE04EC0-301F-11D3-BF4B-00C04F79EFBC}") = "AfiCustomerApi", "AfiCustomerApi\AfiCustomerApi.csproj", "{7025819D-23CC-4811-9276-AB6F6E8CD24B}"
EndProject
Project("{FAE04EC0-301F-11D3-BF4B-00C04F79EFBC}") = "AfiCustomerApi.Data", "AfiCustomerApi.Data\AfiCustomerApi.Data.csproj", "{C502B762-434E-4B53-BC93-F5A12B92D457}"
EndProject
Global
	GlobalSection(SolutionConfigurationPlatforms) = preSolution
		Debug|Any CPU = Debug|Any CPU
		Release|Any CPU = Release|Any CPU
	EndGlobalSection
	GlobalSection(ProjectConfigurationPlatforms) = postSolution
		{7025819D-23CC-4811-9276-AB6F6E8CD24B}.Debug|Any CPU.ActiveCfg = Debug|Any CPU
		{7025819D-23CC-4811-9276-AB6F6E8CD24B}.Debug|Any CPU.Build.0 = Debug|Any CPU
		{7025819D-23CC-4811-9276-AB6F6E8CD24B}.Release|Any CPU.ActiveCfg = Release|Any CPU
		{7025819D-23CC-4811-9276-AB6F6E8CD24B}.Release|Any CPU.Build.0 = Release|Any CPU
		{C502B762-434E-4B53-BC93-F5A12B92D457}.Debug|Any CPU.ActiveCfg = Debug|Any CPU
		{C502B762-434E-4B53-BC93-F5A12B92D457}.Debug|Any CPU.Build.0 = Debug|Any CPU
		{C502B762-434E-4B53-BC93-F5A12B92D457}.Release|Any CPU.ActiveCfg = Release|Any CPU
		{C502B762-434E-4B53-BC93-F5A12B92D457}.Release|Any CPU.Build.0 = Release|Any CPU
	EndGlobalSection
	GlobalSection(SolutionProperties) = preSolution
		HideSolutionNode = FALSE
	EndGlobalSection
	GlobalSection(ExtensibilityGlobals) = postSolution
		SolutionGuid = {FE04E205-F6F9-4808-AE40-B0012DA337AF}
	EndGlobalSection
EndGlobal
